
Microsoft Visual Studio Solution File, Format Version 12.00
# Visual Studio Version 17
VisualStudioVersion = 17.5.33414.496
MinimumVisualStudioVersion = 10.0.40219.1
Project("{FAE04EC0-301F-11D3-BF4B-00C04F79EFBC}") = "zajecia_28.03", "zajecia_28.03\zajecia_28.03.csproj", "{1B352406-1621-49D9-B89B-3944F89A6F0A}"
EndProject
Global
	GlobalSection(SolutionConfigurationPlatforms) = preSolution
		Debug|Any CPU = Debug|Any CPU
		Release|Any CPU = Release|Any CPU
	EndGlobalSection
	GlobalSection(ProjectConfigurationPlatforms) = postSolution
		{1B352406-1621-49D9-B89B-3944F89A6F0A}.Debug|Any CPU.ActiveCfg = Debug|Any CPU
		{1B352406-1621-49D9-B89B-3944F89A6F0A}.Debug|Any CPU.Build.0 = Debug|Any CPU
		{1B352406-1621-49D9-B89B-3944F89A6F0A}.Release|Any CPU.ActiveCfg = Release|Any CPU
		{1B352406-1621-49D9-B89B-3944F89A6F0A}.Release|Any CPU.Build.0 = Release|Any CPU
	EndGlobalSection
	GlobalSection(SolutionProperties) = preSolution
		HideSolutionNode = FALSE
	EndGlobalSection
	GlobalSection(ExtensibilityGlobals) = postSolution
		SolutionGuid = {82D7B136-2E47-4117-8556-23F4D8D26423}
	EndGlobalSection
EndGlobal
